
Microsoft Visual Studio Solution File, Format Version 12.00
# Visual Studio Version 17
VisualStudioVersion = 17.11.35327.3
MinimumVisualStudioVersion = 10.0.40219.1
Project("{9A19103F-16F7-4668-BE54-9A1E7A4F7556}") = "UserServiceApi", "UserService\UserServiceApi.csproj", "{E6FBFB21-5AB7-4818-AB16-15BA02D5CF48}"
EndProject
Project("{9A19103F-16F7-4668-BE54-9A1E7A4F7556}") = "DTOs", "DTOs\DTOs.csproj", "{DC99DFD7-36B9-4143-8A8D-22834063983C}"
EndProject
Project("{9A19103F-16F7-4668-BE54-9A1E7A4F7556}") = "Gateway", "Gateway\Gateway.csproj", "{EAB5EFA9-72AC-4363-8812-AB57CF2DC033}"
EndProject
Project("{9A19103F-16F7-4668-BE54-9A1E7A4F7556}") = "Client", "Client\Client.csproj", "{ABC0A8B6-15AD-4BA5-8F0C-B780B114020C}"
EndProject
Project("{FAE04EC0-301F-11D3-BF4B-00C04F79EFBC}") = "ProductServiceApi", "ProductServiceApi\ProductServiceApi.csproj", "{DC5A7D9E-0C87-454F-8DBF-62F449729060}"
EndProject
Global
	GlobalSection(SolutionConfigurationPlatforms) = preSolution
		Debug|Any CPU = Debug|Any CPU
		Release|Any CPU = Release|Any CPU
	EndGlobalSection
	GlobalSection(ProjectConfigurationPlatforms) = postSolution
		{E6FBFB21-5AB7-4818-AB16-15BA02D5CF48}.Debug|Any CPU.ActiveCfg = Debug|Any CPU
		{E6FBFB21-5AB7-4818-AB16-15BA02D5CF48}.Debug|Any CPU.Build.0 = Debug|Any CPU
		{E6FBFB21-5AB7-4818-AB16-15BA02D5CF48}.Release|Any CPU.ActiveCfg = Release|Any CPU
		{E6FBFB21-5AB7-4818-AB16-15BA02D5CF48}.Release|Any CPU.Build.0 = Release|Any CPU
		{DC99DFD7-36B9-4143-8A8D-22834063983C}.Debug|Any CPU.ActiveCfg = Debug|Any CPU
		{DC99DFD7-36B9-4143-8A8D-22834063983C}.Debug|Any CPU.Build.0 = Debug|Any CPU
		{DC99DFD7-36B9-4143-8A8D-22834063983C}.Release|Any CPU.ActiveCfg = Release|Any CPU
		{DC99DFD7-36B9-4143-8A8D-22834063983C}.Release|Any CPU.Build.0 = Release|Any CPU
		{EAB5EFA9-72AC-4363-8812-AB57CF2DC033}.Debug|Any CPU.ActiveCfg = Debug|Any CPU
		{EAB5EFA9-72AC-4363-8812-AB57CF2DC033}.Debug|Any CPU.Build.0 = Debug|Any CPU
		{EAB5EFA9-72AC-4363-8812-AB57CF2DC033}.Release|Any CPU.ActiveCfg = Release|Any CPU
		{EAB5EFA9-72AC-4363-8812-AB57CF2DC033}.Release|Any CPU.Build.0 = Release|Any CPU
		{ABC0A8B6-15AD-4BA5-8F0C-B780B114020C}.Debug|Any CPU.ActiveCfg = Debug|Any CPU
		{ABC0A8B6-15AD-4BA5-8F0C-B780B114020C}.Debug|Any CPU.Build.0 = Debug|Any CPU
		{ABC0A8B6-15AD-4BA5-8F0C-B780B114020C}.Release|Any CPU.ActiveCfg = Release|Any CPU
		{ABC0A8B6-15AD-4BA5-8F0C-B780B114020C}.Release|Any CPU.Build.0 = Release|Any CPU
		{DC5A7D9E-0C87-454F-8DBF-62F449729060}.Debug|Any CPU.ActiveCfg = Debug|Any CPU
		{DC5A7D9E-0C87-454F-8DBF-62F449729060}.Debug|Any CPU.Build.0 = Debug|Any CPU
		{DC5A7D9E-0C87-454F-8DBF-62F449729060}.Release|Any CPU.ActiveCfg = Release|Any CPU
		{DC5A7D9E-0C87-454F-8DBF-62F449729060}.Release|Any CPU.Build.0 = Release|Any CPU
	EndGlobalSection
	GlobalSection(SolutionProperties) = preSolution
		HideSolutionNode = FALSE
	EndGlobalSection
	GlobalSection(ExtensibilityGlobals) = postSolution
		SolutionGuid = {AA39EA97-8C80-4FA7-951B-756F32D069F1}
	EndGlobalSection
EndGlobal
